Microsoft Visual Studio Solution File, Format Version 11.00
# Visual Studio 2008

Project("{DA6FE50D-E1A8-A691-1BE0-4CBDD5E75151}") = "Ye Olde Tactics", "Assembly-CSharp.csproj", "{F1B8DE78-1783-4E4E-1683-E2E859A9FFD5}"
EndProject
Project("{DA6FE50D-E1A8-A691-1BE0-4CBDD5E75151}") = "Ye Olde Tactics", "Assembly-CSharp-Editor.csproj", "{B2C8D024-BEFE-104D-48F3-755A1323DEBE}"
EndProject
Global
	GlobalSection(SolutionConfigurationPlatforms) = preSolution
		Debug|Any CPU = Debug|Any CPU
		Release|Any CPU = Release|Any CPU
	EndGlobalSection
	GlobalSection(ProjectConfigurationPlatforms) = postSolution
		{F1B8DE78-1783-4E4E-1683-E2E859A9FFD5}.Debug|Any CPU.ActiveCfg = Debug|Any CPU
		{F1B8DE78-1783-4E4E-1683-E2E859A9FFD5}.Debug|Any CPU.Build.0 = Debug|Any CPU
		{F1B8DE78-1783-4E4E-1683-E2E859A9FFD5}.Release|Any CPU.ActiveCfg = Release|Any CPU
		{F1B8DE78-1783-4E4E-1683-E2E859A9FFD5}.Release|Any CPU.Build.0 = Release|Any CPU
		{B2C8D024-BEFE-104D-48F3-755A1323DEBE}.Debug|Any CPU.ActiveCfg = Debug|Any CPU
		{B2C8D024-BEFE-104D-48F3-755A1323DEBE}.Debug|Any CPU.Build.0 = Debug|Any CPU
		{B2C8D024-BEFE-104D-48F3-755A1323DEBE}.Release|Any CPU.ActiveCfg = Release|Any CPU
		{B2C8D024-BEFE-104D-48F3-755A1323DEBE}.Release|Any CPU.Build.0 = Release|Any CPU
	EndGlobalSection
	GlobalSection(SolutionProperties) = preSolution
		HideSolutionNode = FALSE
	EndGlobalSection
	GlobalSection(MonoDevelopProperties) = preSolution
		StartupItem = Assembly-CSharp.csproj
	EndGlobalSection
EndGlobal
